
Microsoft Visual Studio Solution File, Format Version 12.00
# Visual Studio 15
VisualStudioVersion = 15.0.28307.168
MinimumVisualStudioVersion = 10.0.40219.1
Project("{FAE04EC0-301F-11D3-BF4B-00C04F79EFBC}") = "GenericBoxOfString", "GenericBoxOfString\GenericBoxOfString.csproj", "{E582B289-B739-4D24-ADEB-113EE58473CE}"
EndProject
Project("{FAE04EC0-301F-11D3-BF4B-00C04F79EFBC}") = "GenericSwapMethod", "GenericSwapMethod\GenericSwapMethod.csproj", "{A77F4C63-6494-4DE8-9750-09A7B26370AE}"
EndProject
Project("{FAE04EC0-301F-11D3-BF4B-00C04F79EFBC}") = "GenericSwapMethodInt", "GenericSwapMethodInt\GenericSwapMethodInt.csproj", "{E1266F6F-2A11-4D5C-8EF9-26A75DBE7E34}"
EndProject
Project("{FAE04EC0-301F-11D3-BF4B-00C04F79EFBC}") = "GenericBoxOfInt", "GenericBoxOfInt\GenericBoxOfInt.csproj", "{F3D58A2F-11B3-4A55-B4F3-82441840F393}"
EndProject
Project("{FAE04EC0-301F-11D3-BF4B-00C04F79EFBC}") = "GenericCountMethodString", "GenericCountMethodString\GenericCountMethodString.csproj", "{4C8FD7EE-E118-4ED3-8D5D-565B877292C6}"
EndProject
Project("{FAE04EC0-301F-11D3-BF4B-00C04F79EFBC}") = "GenericCountMethodInt", "GenericCountMethodInt\GenericCountMethodInt.csproj", "{9E47C29B-EF77-4CB5-B828-E68A11A83DFA}"
EndProject
Project("{FAE04EC0-301F-11D3-BF4B-00C04F79EFBC}") = "Tuple", "Tuple\Tuple.csproj", "{01007C60-F751-4CB1-B030-CB12D1CD0CEB}"
EndProject
Project("{FAE04EC0-301F-11D3-BF4B-00C04F79EFBC}") = "Threeuple", "Threeuple\Threeuple.csproj", "{DE787E4F-0727-41AD-9327-10D7F7994023}"
EndProject
Global
	GlobalSection(SolutionConfigurationPlatforms) = preSolution
		Debug|Any CPU = Debug|Any CPU
		Release|Any CPU = Release|Any CPU
	EndGlobalSection
	GlobalSection(ProjectConfigurationPlatforms) = postSolution
		{E582B289-B739-4D24-ADEB-113EE58473CE}.Debug|Any CPU.ActiveCfg = Debug|Any CPU
		{E582B289-B739-4D24-ADEB-113EE58473CE}.Debug|Any CPU.Build.0 = Debug|Any CPU
		{E582B289-B739-4D24-ADEB-113EE58473CE}.Release|Any CPU.ActiveCfg = Release|Any CPU
		{E582B289-B739-4D24-ADEB-113EE58473CE}.Release|Any CPU.Build.0 = Release|Any CPU
		{A77F4C63-6494-4DE8-9750-09A7B26370AE}.Debug|Any CPU.ActiveCfg = Debug|Any CPU
		{A77F4C63-6494-4DE8-9750-09A7B26370AE}.Debug|Any CPU.Build.0 = Debug|Any CPU
		{A77F4C63-6494-4DE8-9750-09A7B26370AE}.Release|Any CPU.ActiveCfg = Release|Any CPU
		{A77F4C63-6494-4DE8-9750-09A7B26370AE}.Release|Any CPU.Build.0 = Release|Any CPU
		{E1266F6F-2A11-4D5C-8EF9-26A75DBE7E34}.Debug|Any CPU.ActiveCfg = Debug|Any CPU
		{E1266F6F-2A11-4D5C-8EF9-26A75DBE7E34}.Debug|Any CPU.Build.0 = Debug|Any CPU
		{E1266F6F-2A11-4D5C-8EF9-26A75DBE7E34}.Release|Any CPU.ActiveCfg = Release|Any CPU
		{E1266F6F-2A11-4D5C-8EF9-26A75DBE7E34}.Release|Any CPU.Build.0 = Release|Any CPU
		{F3D58A2F-11B3-4A55-B4F3-82441840F393}.Debug|Any CPU.ActiveCfg = Debug|Any CPU
		{F3D58A2F-11B3-4A55-B4F3-82441840F393}.Debug|Any CPU.Build.0 = Debug|Any CPU
		{F3D58A2F-11B3-4A55-B4F3-82441840F393}.Release|Any CPU.ActiveCfg = Release|Any CPU
		{F3D58A2F-11B3-4A55-B4F3-82441840F393}.Release|Any CPU.Build.0 = Release|Any CPU
		{4C8FD7EE-E118-4ED3-8D5D-565B877292C6}.Debug|Any CPU.ActiveCfg = Debug|Any CPU
		{4C8FD7EE-E118-4ED3-8D5D-565B877292C6}.Debug|Any CPU.Build.0 = Debug|Any CPU
		{4C8FD7EE-E118-4ED3-8D5D-565B877292C6}.Release|Any CPU.ActiveCfg = Release|Any CPU
		{4C8FD7EE-E118-4ED3-8D5D-565B877292C6}.Release|Any CPU.Build.0 = Release|Any CPU
		{9E47C29B-EF77-4CB5-B828-E68A11A83DFA}.Debug|Any CPU.ActiveCfg = Debug|Any CPU
		{9E47C29B-EF77-4CB5-B828-E68A11A83DFA}.Debug|Any CPU.Build.0 = Debug|Any CPU
		{9E47C29B-EF77-4CB5-B828-E68A11A83DFA}.Release|Any CPU.ActiveCfg = Release|Any CPU
		{9E47C29B-EF77-4CB5-B828-E68A11A83DFA}.Release|Any CPU.Build.0 = Release|Any CPU
		{01007C60-F751-4CB1-B030-CB12D1CD0CEB}.Debug|Any CPU.ActiveCfg = Debug|Any CPU
		{01007C60-F751-4CB1-B030-CB12D1CD0CEB}.Debug|Any CPU.Build.0 = Debug|Any CPU
		{01007C60-F751-4CB1-B030-CB12D1CD0CEB}.Release|Any CPU.ActiveCfg = Release|Any CPU
		{01007C60-F751-4CB1-B030-CB12D1CD0CEB}.Release|Any CPU.Build.0 = Release|Any CPU
		{DE787E4F-0727-41AD-9327-10D7F7994023}.Debug|Any CPU.ActiveCfg = Debug|Any CPU
		{DE787E4F-0727-41AD-9327-10D7F7994023}.Debug|Any CPU.Build.0 = Debug|Any CPU
		{DE787E4F-0727-41AD-9327-10D7F7994023}.Release|Any CPU.ActiveCfg = Release|Any CPU
		{DE787E4F-0727-41AD-9327-10D7F7994023}.Release|Any CPU.Build.0 = Release|Any CPU
	EndGlobalSection
	GlobalSection(SolutionProperties) = preSolution
		HideSolutionNode = FALSE
	EndGlobalSection
	GlobalSection(ExtensibilityGlobals) = postSolution
		SolutionGuid = {E23D66FB-DCA9-49E1-A53C-5C392584ECCA}
	EndGlobalSection
EndGlobal
