
Microsoft Visual Studio Solution File, Format Version 12.00
# Visual Studio 15
VisualStudioVersion = 15.0.28307.168
MinimumVisualStudioVersion = 10.0.40219.1
Project("{FAE04EC0-301F-11D3-BF4B-00C04F79EFBC}") = "GenericBoxOfString", "GenericBoxOfString\GenericBoxOfString.csproj", "{E582B289-B739-4D24-ADEB-113EE58473CE}"
EndProject
Project("{FAE04EC0-301F-11D3-BF4B-00C04F79EFBC}") = "GenericSwapMethod", "GenericSwapMethod\GenericSwapMethod.csproj", "{A77F4C63-6494-4DE8-9750-09A7B26370AE}"
EndProject
Global
	GlobalSection(SolutionConfigurationPlatforms) = preSolution
		Debug|Any CPU = Debug|Any CPU
		Release|Any CPU = Release|Any CPU
	EndGlobalSection
	GlobalSection(ProjectConfigurationPlatforms) = postSolution
		{E582B289-B739-4D24-ADEB-113EE58473CE}.Debug|Any CPU.ActiveCfg = Debug|Any CPU
		{E582B289-B739-4D24-ADEB-113EE58473CE}.Debug|Any CPU.Build.0 = Debug|Any CPU
		{E582B289-B739-4D24-ADEB-113EE58473CE}.Release|Any CPU.ActiveCfg = Release|Any CPU
		{E582B289-B739-4D24-ADEB-113EE58473CE}.Release|Any CPU.Build.0 = Release|Any CPU
		{A77F4C63-6494-4DE8-9750-09A7B26370AE}.Debug|Any CPU.ActiveCfg = Debug|Any CPU
		{A77F4C63-6494-4DE8-9750-09A7B26370AE}.Debug|Any CPU.Build.0 = Debug|Any CPU
		{A77F4C63-6494-4DE8-9750-09A7B26370AE}.Release|Any CPU.ActiveCfg = Release|Any CPU
		{A77F4C63-6494-4DE8-9750-09A7B26370AE}.Release|Any CPU.Build.0 = Release|Any CPU
	EndGlobalSection
	GlobalSection(SolutionProperties) = preSolution
		HideSolutionNode = FALSE
	EndGlobalSection
	GlobalSection(ExtensibilityGlobals) = postSolution
		SolutionGuid = {E23D66FB-DCA9-49E1-A53C-5C392584ECCA}
	EndGlobalSection
EndGlobal
