
Microsoft Visual Studio Solution File, Format Version 12.00
# Visual Studio 15
VisualStudioVersion = 15.0.28307.168
MinimumVisualStudioVersion = 10.0.40219.1
Project("{9A19103F-16F7-4668-BE54-9A1E7A4F7556}") = "UniqueUsernames", "UniqueUsernames\UniqueUsernames.csproj", "{D9815295-CB22-4C4B-9140-161111E1EAEE}"
EndProject
Project("{FAE04EC0-301F-11D3-BF4B-00C04F79EFBC}") = "SetsOfElements", "SetsOfElements\SetsOfElements.csproj", "{02E543D4-7C9F-4C8D-901B-DFE3911D36DE}"
EndProject
Project("{FAE04EC0-301F-11D3-BF4B-00C04F79EFBC}") = "PeriodicTable", "PeriodicTable\PeriodicTable.csproj", "{5FA53EC6-EABD-4C38-B5DD-DE8309FE034B}"
EndProject
Global
	GlobalSection(SolutionConfigurationPlatforms) = preSolution
		Debug|Any CPU = Debug|Any CPU
		Release|Any CPU = Release|Any CPU
	EndGlobalSection
	GlobalSection(ProjectConfigurationPlatforms) = postSolution
		{D9815295-CB22-4C4B-9140-161111E1EAEE}.Debug|Any CPU.ActiveCfg = Debug|Any CPU
		{D9815295-CB22-4C4B-9140-161111E1EAEE}.Debug|Any CPU.Build.0 = Debug|Any CPU
		{D9815295-CB22-4C4B-9140-161111E1EAEE}.Release|Any CPU.ActiveCfg = Release|Any CPU
		{D9815295-CB22-4C4B-9140-161111E1EAEE}.Release|Any CPU.Build.0 = Release|Any CPU
		{02E543D4-7C9F-4C8D-901B-DFE3911D36DE}.Debug|Any CPU.ActiveCfg = Debug|Any CPU
		{02E543D4-7C9F-4C8D-901B-DFE3911D36DE}.Debug|Any CPU.Build.0 = Debug|Any CPU
		{02E543D4-7C9F-4C8D-901B-DFE3911D36DE}.Release|Any CPU.ActiveCfg = Release|Any CPU
		{02E543D4-7C9F-4C8D-901B-DFE3911D36DE}.Release|Any CPU.Build.0 = Release|Any CPU
		{5FA53EC6-EABD-4C38-B5DD-DE8309FE034B}.Debug|Any CPU.ActiveCfg = Debug|Any CPU
		{5FA53EC6-EABD-4C38-B5DD-DE8309FE034B}.Debug|Any CPU.Build.0 = Debug|Any CPU
		{5FA53EC6-EABD-4C38-B5DD-DE8309FE034B}.Release|Any CPU.ActiveCfg = Release|Any CPU
		{5FA53EC6-EABD-4C38-B5DD-DE8309FE034B}.Release|Any CPU.Build.0 = Release|Any CPU
	EndGlobalSection
	GlobalSection(SolutionProperties) = preSolution
		HideSolutionNode = FALSE
	EndGlobalSection
	GlobalSection(ExtensibilityGlobals) = postSolution
		SolutionGuid = {1758C41C-0362-4BB2-B44D-8C0DC3390710}
	EndGlobalSection
EndGlobal
