
Microsoft Visual Studio Solution File, Format Version 12.00
# Visual Studio 15
VisualStudioVersion = 15.0.28307.168
MinimumVisualStudioVersion = 10.0.40219.1
Project("{9A19103F-16F7-4668-BE54-9A1E7A4F7556}") = "BasicStackOperations", "BasicStackOperations\BasicStackOperations.csproj", "{2973212F-12B6-4425-A0B1-49805F5BA1B8}"
EndProject
Project("{9A19103F-16F7-4668-BE54-9A1E7A4F7556}") = "BasicQueueOperations", "BasicQueueOperations\BasicQueueOperations.csproj", "{5D533FFC-B8C3-4629-AB33-9FDAC4C786F8}"
EndProject
Project("{9A19103F-16F7-4668-BE54-9A1E7A4F7556}") = "MaxAndMinElement", "MaxAndMinElement\MaxAndMinElement.csproj", "{B3EE827A-A23C-4047-B1F7-CACA34BF70E6}"
EndProject
Project("{9A19103F-16F7-4668-BE54-9A1E7A4F7556}") = "FastFood", "FastFood\FastFood.csproj", "{92599896-60AF-4729-8C5A-B33D07D061B6}"
EndProject
Project("{9A19103F-16F7-4668-BE54-9A1E7A4F7556}") = "FashionBoutique", "FashionBoutique\FashionBoutique.csproj", "{2D525C07-67B3-47CD-8A48-1EB47E8E5419}"
EndProject
Project("{9A19103F-16F7-4668-BE54-9A1E7A4F7556}") = "TruckTour", "TruckTour\TruckTour.csproj", "{B9025BD9-D7F1-4F5D-A065-8FF5B7192146}"
EndProject
Project("{9A19103F-16F7-4668-BE54-9A1E7A4F7556}") = "BalancedParentheses", "BalancedParentheses\BalancedParentheses.csproj", "{801C0675-01B5-43EE-91F5-908C2BB02881}"
EndProject
Project("{9A19103F-16F7-4668-BE54-9A1E7A4F7556}") = "SimpleTextEditor", "SimpleTextEditor\SimpleTextEditor.csproj", "{53F752BE-65EF-44BE-B191-D4DA31672A31}"
EndProject
Project("{9A19103F-16F7-4668-BE54-9A1E7A4F7556}") = "Crossroads", "Crossroads\Crossroads.csproj", "{E9F24086-A7A2-4C58-881F-EF3A7F3ED709}"
EndProject
Project("{FAE04EC0-301F-11D3-BF4B-00C04F79EFBC}") = "KeyRevolver", "KeyRevolver\KeyRevolver.csproj", "{7E6C101A-FC0D-45FF-BAD7-10E790E1BC35}"
EndProject
Global
	GlobalSection(SolutionConfigurationPlatforms) = preSolution
		Debug|Any CPU = Debug|Any CPU
		Release|Any CPU = Release|Any CPU
	EndGlobalSection
	GlobalSection(ProjectConfigurationPlatforms) = postSolution
		{2973212F-12B6-4425-A0B1-49805F5BA1B8}.Debug|Any CPU.ActiveCfg = Debug|Any CPU
		{2973212F-12B6-4425-A0B1-49805F5BA1B8}.Debug|Any CPU.Build.0 = Debug|Any CPU
		{2973212F-12B6-4425-A0B1-49805F5BA1B8}.Release|Any CPU.ActiveCfg = Release|Any CPU
		{2973212F-12B6-4425-A0B1-49805F5BA1B8}.Release|Any CPU.Build.0 = Release|Any CPU
		{5D533FFC-B8C3-4629-AB33-9FDAC4C786F8}.Debug|Any CPU.ActiveCfg = Debug|Any CPU
		{5D533FFC-B8C3-4629-AB33-9FDAC4C786F8}.Debug|Any CPU.Build.0 = Debug|Any CPU
		{5D533FFC-B8C3-4629-AB33-9FDAC4C786F8}.Release|Any CPU.ActiveCfg = Release|Any CPU
		{5D533FFC-B8C3-4629-AB33-9FDAC4C786F8}.Release|Any CPU.Build.0 = Release|Any CPU
		{B3EE827A-A23C-4047-B1F7-CACA34BF70E6}.Debug|Any CPU.ActiveCfg = Debug|Any CPU
		{B3EE827A-A23C-4047-B1F7-CACA34BF70E6}.Debug|Any CPU.Build.0 = Debug|Any CPU
		{B3EE827A-A23C-4047-B1F7-CACA34BF70E6}.Release|Any CPU.ActiveCfg = Release|Any CPU
		{B3EE827A-A23C-4047-B1F7-CACA34BF70E6}.Release|Any CPU.Build.0 = Release|Any CPU
		{92599896-60AF-4729-8C5A-B33D07D061B6}.Debug|Any CPU.ActiveCfg = Debug|Any CPU
		{92599896-60AF-4729-8C5A-B33D07D061B6}.Debug|Any CPU.Build.0 = Debug|Any CPU
		{92599896-60AF-4729-8C5A-B33D07D061B6}.Release|Any CPU.ActiveCfg = Release|Any CPU
		{92599896-60AF-4729-8C5A-B33D07D061B6}.Release|Any CPU.Build.0 = Release|Any CPU
		{2D525C07-67B3-47CD-8A48-1EB47E8E5419}.Debug|Any CPU.ActiveCfg = Debug|Any CPU
		{2D525C07-67B3-47CD-8A48-1EB47E8E5419}.Debug|Any CPU.Build.0 = Debug|Any CPU
		{2D525C07-67B3-47CD-8A48-1EB47E8E5419}.Release|Any CPU.ActiveCfg = Release|Any CPU
		{2D525C07-67B3-47CD-8A48-1EB47E8E5419}.Release|Any CPU.Build.0 = Release|Any CPU
		{B9025BD9-D7F1-4F5D-A065-8FF5B7192146}.Debug|Any CPU.ActiveCfg = Debug|Any CPU
		{B9025BD9-D7F1-4F5D-A065-8FF5B7192146}.Debug|Any CPU.Build.0 = Debug|Any CPU
		{B9025BD9-D7F1-4F5D-A065-8FF5B7192146}.Release|Any CPU.ActiveCfg = Release|Any CPU
		{B9025BD9-D7F1-4F5D-A065-8FF5B7192146}.Release|Any CPU.Build.0 = Release|Any CPU
		{801C0675-01B5-43EE-91F5-908C2BB02881}.Debug|Any CPU.ActiveCfg = Debug|Any CPU
		{801C0675-01B5-43EE-91F5-908C2BB02881}.Debug|Any CPU.Build.0 = Debug|Any CPU
		{801C0675-01B5-43EE-91F5-908C2BB02881}.Release|Any CPU.ActiveCfg = Release|Any CPU
		{801C0675-01B5-43EE-91F5-908C2BB02881}.Release|Any CPU.Build.0 = Release|Any CPU
		{53F752BE-65EF-44BE-B191-D4DA31672A31}.Debug|Any CPU.ActiveCfg = Debug|Any CPU
		{53F752BE-65EF-44BE-B191-D4DA31672A31}.Debug|Any CPU.Build.0 = Debug|Any CPU
		{53F752BE-65EF-44BE-B191-D4DA31672A31}.Release|Any CPU.ActiveCfg = Release|Any CPU
		{53F752BE-65EF-44BE-B191-D4DA31672A31}.Release|Any CPU.Build.0 = Release|Any CPU
		{E9F24086-A7A2-4C58-881F-EF3A7F3ED709}.Debug|Any CPU.ActiveCfg = Debug|Any CPU
		{E9F24086-A7A2-4C58-881F-EF3A7F3ED709}.Debug|Any CPU.Build.0 = Debug|Any CPU
		{E9F24086-A7A2-4C58-881F-EF3A7F3ED709}.Release|Any CPU.ActiveCfg = Release|Any CPU
		{E9F24086-A7A2-4C58-881F-EF3A7F3ED709}.Release|Any CPU.Build.0 = Release|Any CPU
		{7E6C101A-FC0D-45FF-BAD7-10E790E1BC35}.Debug|Any CPU.ActiveCfg = Debug|Any CPU
		{7E6C101A-FC0D-45FF-BAD7-10E790E1BC35}.Debug|Any CPU.Build.0 = Debug|Any CPU
		{7E6C101A-FC0D-45FF-BAD7-10E790E1BC35}.Release|Any CPU.ActiveCfg = Release|Any CPU
		{7E6C101A-FC0D-45FF-BAD7-10E790E1BC35}.Release|Any CPU.Build.0 = Release|Any CPU
	EndGlobalSection
	GlobalSection(SolutionProperties) = preSolution
		HideSolutionNode = FALSE
	EndGlobalSection
	GlobalSection(ExtensibilityGlobals) = postSolution
		SolutionGuid = {D666C53A-0DF5-44BF-BE00-D0D5C6C6696F}
	EndGlobalSection
EndGlobal
