
Microsoft Visual Studio Solution File, Format Version 12.00
# Visual Studio 15
VisualStudioVersion = 15.0.28307.168
MinimumVisualStudioVersion = 10.0.40219.1
Project("{FAE04EC0-301F-11D3-BF4B-00C04F79EFBC}") = "BasicStackOperations", "BasicStackOperations\BasicStackOperations.csproj", "{2973212F-12B6-4425-A0B1-49805F5BA1B8}"
EndProject
Project("{FAE04EC0-301F-11D3-BF4B-00C04F79EFBC}") = "BasicQueueOperations", "BasicQueueOperations\BasicQueueOperations.csproj", "{5D533FFC-B8C3-4629-AB33-9FDAC4C786F8}"
EndProject
Project("{FAE04EC0-301F-11D3-BF4B-00C04F79EFBC}") = "MaxAndMinElement", "MaxAndMinElement\MaxAndMinElement.csproj", "{B3EE827A-A23C-4047-B1F7-CACA34BF70E6}"
EndProject
Global
	GlobalSection(SolutionConfigurationPlatforms) = preSolution
		Debug|Any CPU = Debug|Any CPU
		Release|Any CPU = Release|Any CPU
	EndGlobalSection
	GlobalSection(ProjectConfigurationPlatforms) = postSolution
		{2973212F-12B6-4425-A0B1-49805F5BA1B8}.Debug|Any CPU.ActiveCfg = Debug|Any CPU
		{2973212F-12B6-4425-A0B1-49805F5BA1B8}.Debug|Any CPU.Build.0 = Debug|Any CPU
		{2973212F-12B6-4425-A0B1-49805F5BA1B8}.Release|Any CPU.ActiveCfg = Release|Any CPU
		{2973212F-12B6-4425-A0B1-49805F5BA1B8}.Release|Any CPU.Build.0 = Release|Any CPU
		{5D533FFC-B8C3-4629-AB33-9FDAC4C786F8}.Debug|Any CPU.ActiveCfg = Debug|Any CPU
		{5D533FFC-B8C3-4629-AB33-9FDAC4C786F8}.Debug|Any CPU.Build.0 = Debug|Any CPU
		{5D533FFC-B8C3-4629-AB33-9FDAC4C786F8}.Release|Any CPU.ActiveCfg = Release|Any CPU
		{5D533FFC-B8C3-4629-AB33-9FDAC4C786F8}.Release|Any CPU.Build.0 = Release|Any CPU
		{B3EE827A-A23C-4047-B1F7-CACA34BF70E6}.Debug|Any CPU.ActiveCfg = Debug|Any CPU
		{B3EE827A-A23C-4047-B1F7-CACA34BF70E6}.Debug|Any CPU.Build.0 = Debug|Any CPU
		{B3EE827A-A23C-4047-B1F7-CACA34BF70E6}.Release|Any CPU.ActiveCfg = Release|Any CPU
		{B3EE827A-A23C-4047-B1F7-CACA34BF70E6}.Release|Any CPU.Build.0 = Release|Any CPU
	EndGlobalSection
	GlobalSection(SolutionProperties) = preSolution
		HideSolutionNode = FALSE
	EndGlobalSection
	GlobalSection(ExtensibilityGlobals) = postSolution
		SolutionGuid = {D666C53A-0DF5-44BF-BE00-D0D5C6C6696F}
	EndGlobalSection
EndGlobal
