
Microsoft Visual Studio Solution File, Format Version 12.00
# Visual Studio 15
VisualStudioVersion = 15.0.28307.168
MinimumVisualStudioVersion = 10.0.40219.1
Project("{FAE04EC0-301F-11D3-BF4B-00C04F79EFBC}") = "ReverseStrings", "ReverseStrings\ReverseStrings.csproj", "{DC7C62BA-5F82-4B65-8F92-4C7621A51766}"
EndProject
Project("{FAE04EC0-301F-11D3-BF4B-00C04F79EFBC}") = "StackSum", "StackSum\StackSum.csproj", "{9641BB05-211C-4023-AFF6-95B2D61A1188}"
EndProject
Project("{FAE04EC0-301F-11D3-BF4B-00C04F79EFBC}") = "SimpleCalculator", "SimpleCalculator\SimpleCalculator.csproj", "{18EE5FCB-0148-474A-8226-0D41C612D6DB}"
EndProject
Global
	GlobalSection(SolutionConfigurationPlatforms) = preSolution
		Debug|Any CPU = Debug|Any CPU
		Release|Any CPU = Release|Any CPU
	EndGlobalSection
	GlobalSection(ProjectConfigurationPlatforms) = postSolution
		{DC7C62BA-5F82-4B65-8F92-4C7621A51766}.Debug|Any CPU.ActiveCfg = Debug|Any CPU
		{DC7C62BA-5F82-4B65-8F92-4C7621A51766}.Debug|Any CPU.Build.0 = Debug|Any CPU
		{DC7C62BA-5F82-4B65-8F92-4C7621A51766}.Release|Any CPU.ActiveCfg = Release|Any CPU
		{DC7C62BA-5F82-4B65-8F92-4C7621A51766}.Release|Any CPU.Build.0 = Release|Any CPU
		{9641BB05-211C-4023-AFF6-95B2D61A1188}.Debug|Any CPU.ActiveCfg = Debug|Any CPU
		{9641BB05-211C-4023-AFF6-95B2D61A1188}.Debug|Any CPU.Build.0 = Debug|Any CPU
		{9641BB05-211C-4023-AFF6-95B2D61A1188}.Release|Any CPU.ActiveCfg = Release|Any CPU
		{9641BB05-211C-4023-AFF6-95B2D61A1188}.Release|Any CPU.Build.0 = Release|Any CPU
		{18EE5FCB-0148-474A-8226-0D41C612D6DB}.Debug|Any CPU.ActiveCfg = Debug|Any CPU
		{18EE5FCB-0148-474A-8226-0D41C612D6DB}.Debug|Any CPU.Build.0 = Debug|Any CPU
		{18EE5FCB-0148-474A-8226-0D41C612D6DB}.Release|Any CPU.ActiveCfg = Release|Any CPU
		{18EE5FCB-0148-474A-8226-0D41C612D6DB}.Release|Any CPU.Build.0 = Release|Any CPU
	EndGlobalSection
	GlobalSection(SolutionProperties) = preSolution
		HideSolutionNode = FALSE
	EndGlobalSection
	GlobalSection(ExtensibilityGlobals) = postSolution
		SolutionGuid = {B6FD5621-42C9-42CA-9CEF-E3521575DEEE}
	EndGlobalSection
EndGlobal
