
Microsoft Visual Studio Solution File, Format Version 12.00
# Visual Studio 15
VisualStudioVersion = 15.0.28307.168
MinimumVisualStudioVersion = 10.0.40219.1
Project("{9A19103F-16F7-4668-BE54-9A1E7A4F7556}") = "DiagonalDifference", "DiagonalDifference\DiagonalDifference.csproj", "{006FDB8D-D623-4AB3-A97A-50F7CDE0CA26}"
EndProject
Project("{9A19103F-16F7-4668-BE54-9A1E7A4F7556}") = "2x2EqualSquares", "2x2EqualSquares\2x2EqualSquares.csproj", "{C6854E66-F5A6-4766-98B1-ECAF5AD05968}"
EndProject
Project("{9A19103F-16F7-4668-BE54-9A1E7A4F7556}") = "MaximalSum", "MaximalSum\MaximalSum.csproj", "{F1FD31E4-0028-42DC-8947-0C6952D22889}"
EndProject
Project("{9A19103F-16F7-4668-BE54-9A1E7A4F7556}") = "MatrixShuffling", "MatrixShuffling\MatrixShuffling.csproj", "{7805B37C-A116-4121-97B9-ACB28B3D22A4}"
EndProject
Project("{9A19103F-16F7-4668-BE54-9A1E7A4F7556}") = "SnakeMoves", "SnakeMoves\SnakeMoves.csproj", "{D0FA8C33-F296-44D2-AA11-4701DBE08EB5}"
EndProject
Project("{9A19103F-16F7-4668-BE54-9A1E7A4F7556}") = "BombTheBasement", "BombTheBasement\BombTheBasement.csproj", "{1B1CC08E-EC72-4271-BC65-E18F7D5845AB}"
EndProject
Project("{9A19103F-16F7-4668-BE54-9A1E7A4F7556}") = "KnightGame", "KnightGame\KnightGame.csproj", "{770DF8CD-7040-49B2-92C6-8C9820429076}"
EndProject
Project("{FAE04EC0-301F-11D3-BF4B-00C04F79EFBC}") = "Bombs", "Bombs\Bombs.csproj", "{F6D1711F-8183-4394-82A4-EF8D8C1D222A}"
EndProject
Project("{FAE04EC0-301F-11D3-BF4B-00C04F79EFBC}") = "Miner", "Miner\Miner.csproj", "{E5215650-6F47-4458-9367-A88F1EB89308}"
EndProject
Project("{FAE04EC0-301F-11D3-BF4B-00C04F79EFBC}") = "RadioactiveMutantVampireBunnie", "RadioactiveMutantVampireBunnie\RadioactiveMutantVampireBunnie.csproj", "{F7F325C5-B051-4B48-BA50-C628B8E55302}"
EndProject
Global
	GlobalSection(SolutionConfigurationPlatforms) = preSolution
		Debug|Any CPU = Debug|Any CPU
		Release|Any CPU = Release|Any CPU
	EndGlobalSection
	GlobalSection(ProjectConfigurationPlatforms) = postSolution
		{006FDB8D-D623-4AB3-A97A-50F7CDE0CA26}.Debug|Any CPU.ActiveCfg = Debug|Any CPU
		{006FDB8D-D623-4AB3-A97A-50F7CDE0CA26}.Debug|Any CPU.Build.0 = Debug|Any CPU
		{006FDB8D-D623-4AB3-A97A-50F7CDE0CA26}.Release|Any CPU.ActiveCfg = Release|Any CPU
		{006FDB8D-D623-4AB3-A97A-50F7CDE0CA26}.Release|Any CPU.Build.0 = Release|Any CPU
		{C6854E66-F5A6-4766-98B1-ECAF5AD05968}.Debug|Any CPU.ActiveCfg = Debug|Any CPU
		{C6854E66-F5A6-4766-98B1-ECAF5AD05968}.Debug|Any CPU.Build.0 = Debug|Any CPU
		{C6854E66-F5A6-4766-98B1-ECAF5AD05968}.Release|Any CPU.ActiveCfg = Release|Any CPU
		{C6854E66-F5A6-4766-98B1-ECAF5AD05968}.Release|Any CPU.Build.0 = Release|Any CPU
		{F1FD31E4-0028-42DC-8947-0C6952D22889}.Debug|Any CPU.ActiveCfg = Debug|Any CPU
		{F1FD31E4-0028-42DC-8947-0C6952D22889}.Debug|Any CPU.Build.0 = Debug|Any CPU
		{F1FD31E4-0028-42DC-8947-0C6952D22889}.Release|Any CPU.ActiveCfg = Release|Any CPU
		{F1FD31E4-0028-42DC-8947-0C6952D22889}.Release|Any CPU.Build.0 = Release|Any CPU
		{7805B37C-A116-4121-97B9-ACB28B3D22A4}.Debug|Any CPU.ActiveCfg = Debug|Any CPU
		{7805B37C-A116-4121-97B9-ACB28B3D22A4}.Debug|Any CPU.Build.0 = Debug|Any CPU
		{7805B37C-A116-4121-97B9-ACB28B3D22A4}.Release|Any CPU.ActiveCfg = Release|Any CPU
		{7805B37C-A116-4121-97B9-ACB28B3D22A4}.Release|Any CPU.Build.0 = Release|Any CPU
		{D0FA8C33-F296-44D2-AA11-4701DBE08EB5}.Debug|Any CPU.ActiveCfg = Debug|Any CPU
		{D0FA8C33-F296-44D2-AA11-4701DBE08EB5}.Debug|Any CPU.Build.0 = Debug|Any CPU
		{D0FA8C33-F296-44D2-AA11-4701DBE08EB5}.Release|Any CPU.ActiveCfg = Release|Any CPU
		{D0FA8C33-F296-44D2-AA11-4701DBE08EB5}.Release|Any CPU.Build.0 = Release|Any CPU
		{1B1CC08E-EC72-4271-BC65-E18F7D5845AB}.Debug|Any CPU.ActiveCfg = Debug|Any CPU
		{1B1CC08E-EC72-4271-BC65-E18F7D5845AB}.Debug|Any CPU.Build.0 = Debug|Any CPU
		{1B1CC08E-EC72-4271-BC65-E18F7D5845AB}.Release|Any CPU.ActiveCfg = Release|Any CPU
		{1B1CC08E-EC72-4271-BC65-E18F7D5845AB}.Release|Any CPU.Build.0 = Release|Any CPU
		{770DF8CD-7040-49B2-92C6-8C9820429076}.Debug|Any CPU.ActiveCfg = Debug|Any CPU
		{770DF8CD-7040-49B2-92C6-8C9820429076}.Debug|Any CPU.Build.0 = Debug|Any CPU
		{770DF8CD-7040-49B2-92C6-8C9820429076}.Release|Any CPU.ActiveCfg = Release|Any CPU
		{770DF8CD-7040-49B2-92C6-8C9820429076}.Release|Any CPU.Build.0 = Release|Any CPU
		{F6D1711F-8183-4394-82A4-EF8D8C1D222A}.Debug|Any CPU.ActiveCfg = Debug|Any CPU
		{F6D1711F-8183-4394-82A4-EF8D8C1D222A}.Debug|Any CPU.Build.0 = Debug|Any CPU
		{F6D1711F-8183-4394-82A4-EF8D8C1D222A}.Release|Any CPU.ActiveCfg = Release|Any CPU
		{F6D1711F-8183-4394-82A4-EF8D8C1D222A}.Release|Any CPU.Build.0 = Release|Any CPU
		{E5215650-6F47-4458-9367-A88F1EB89308}.Debug|Any CPU.ActiveCfg = Debug|Any CPU
		{E5215650-6F47-4458-9367-A88F1EB89308}.Debug|Any CPU.Build.0 = Debug|Any CPU
		{E5215650-6F47-4458-9367-A88F1EB89308}.Release|Any CPU.ActiveCfg = Release|Any CPU
		{E5215650-6F47-4458-9367-A88F1EB89308}.Release|Any CPU.Build.0 = Release|Any CPU
		{F7F325C5-B051-4B48-BA50-C628B8E55302}.Debug|Any CPU.ActiveCfg = Debug|Any CPU
		{F7F325C5-B051-4B48-BA50-C628B8E55302}.Debug|Any CPU.Build.0 = Debug|Any CPU
		{F7F325C5-B051-4B48-BA50-C628B8E55302}.Release|Any CPU.ActiveCfg = Release|Any CPU
		{F7F325C5-B051-4B48-BA50-C628B8E55302}.Release|Any CPU.Build.0 = Release|Any CPU
	EndGlobalSection
	GlobalSection(SolutionProperties) = preSolution
		HideSolutionNode = FALSE
	EndGlobalSection
	GlobalSection(ExtensibilityGlobals) = postSolution
		SolutionGuid = {CD86AE6F-2DB9-451D-BE91-40A0142FAD7C}
	EndGlobalSection
EndGlobal
