
Microsoft Visual Studio Solution File, Format Version 12.00
# Visual Studio 15
VisualStudioVersion = 15.0.28307.168
MinimumVisualStudioVersion = 10.0.40219.1
Project("{FAE04EC0-301F-11D3-BF4B-00C04F79EFBC}") = "OddLines", "OddLines\OddLines.csproj", "{6FAB7DD9-5CA2-469D-925C-355A7DCD813F}"
EndProject
Project("{FAE04EC0-301F-11D3-BF4B-00C04F79EFBC}") = "LineNumbers", "LineNumbers\LineNumbers.csproj", "{5BC23220-EF6F-4A9D-8CC0-72EF0E7DC33D}"
EndProject
Project("{FAE04EC0-301F-11D3-BF4B-00C04F79EFBC}") = "WordsCount", "WordsCount\WordsCount.csproj", "{8EFD5142-07FD-4F8D-A2F5-A245019C25CD}"
EndProject
Project("{FAE04EC0-301F-11D3-BF4B-00C04F79EFBC}") = "MergeFiles", "MergeFiles\MergeFiles.csproj", "{AC699CE0-5C70-4BE1-B19A-FAB74814270C}"
EndProject
Project("{FAE04EC0-301F-11D3-BF4B-00C04F79EFBC}") = "SliceFile", "SliceFile\SliceFile.csproj", "{4829378B-1CEB-4023-8288-F6884411F613}"
EndProject
Project("{FAE04EC0-301F-11D3-BF4B-00C04F79EFBC}") = "FolderSize", "FolderSize\FolderSize.csproj", "{7A249B51-E1A9-42FB-BDAF-A6D4B3F3854F}"
EndProject
Global
	GlobalSection(SolutionConfigurationPlatforms) = preSolution
		Debug|Any CPU = Debug|Any CPU
		Release|Any CPU = Release|Any CPU
	EndGlobalSection
	GlobalSection(ProjectConfigurationPlatforms) = postSolution
		{6FAB7DD9-5CA2-469D-925C-355A7DCD813F}.Debug|Any CPU.ActiveCfg = Debug|Any CPU
		{6FAB7DD9-5CA2-469D-925C-355A7DCD813F}.Debug|Any CPU.Build.0 = Debug|Any CPU
		{6FAB7DD9-5CA2-469D-925C-355A7DCD813F}.Release|Any CPU.ActiveCfg = Release|Any CPU
		{6FAB7DD9-5CA2-469D-925C-355A7DCD813F}.Release|Any CPU.Build.0 = Release|Any CPU
		{5BC23220-EF6F-4A9D-8CC0-72EF0E7DC33D}.Debug|Any CPU.ActiveCfg = Debug|Any CPU
		{5BC23220-EF6F-4A9D-8CC0-72EF0E7DC33D}.Debug|Any CPU.Build.0 = Debug|Any CPU
		{5BC23220-EF6F-4A9D-8CC0-72EF0E7DC33D}.Release|Any CPU.ActiveCfg = Release|Any CPU
		{5BC23220-EF6F-4A9D-8CC0-72EF0E7DC33D}.Release|Any CPU.Build.0 = Release|Any CPU
		{8EFD5142-07FD-4F8D-A2F5-A245019C25CD}.Debug|Any CPU.ActiveCfg = Debug|Any CPU
		{8EFD5142-07FD-4F8D-A2F5-A245019C25CD}.Debug|Any CPU.Build.0 = Debug|Any CPU
		{8EFD5142-07FD-4F8D-A2F5-A245019C25CD}.Release|Any CPU.ActiveCfg = Release|Any CPU
		{8EFD5142-07FD-4F8D-A2F5-A245019C25CD}.Release|Any CPU.Build.0 = Release|Any CPU
		{AC699CE0-5C70-4BE1-B19A-FAB74814270C}.Debug|Any CPU.ActiveCfg = Debug|Any CPU
		{AC699CE0-5C70-4BE1-B19A-FAB74814270C}.Debug|Any CPU.Build.0 = Debug|Any CPU
		{AC699CE0-5C70-4BE1-B19A-FAB74814270C}.Release|Any CPU.ActiveCfg = Release|Any CPU
		{AC699CE0-5C70-4BE1-B19A-FAB74814270C}.Release|Any CPU.Build.0 = Release|Any CPU
		{4829378B-1CEB-4023-8288-F6884411F613}.Debug|Any CPU.ActiveCfg = Debug|Any CPU
		{4829378B-1CEB-4023-8288-F6884411F613}.Debug|Any CPU.Build.0 = Debug|Any CPU
		{4829378B-1CEB-4023-8288-F6884411F613}.Release|Any CPU.ActiveCfg = Release|Any CPU
		{4829378B-1CEB-4023-8288-F6884411F613}.Release|Any CPU.Build.0 = Release|Any CPU
		{7A249B51-E1A9-42FB-BDAF-A6D4B3F3854F}.Debug|Any CPU.ActiveCfg = Debug|Any CPU
		{7A249B51-E1A9-42FB-BDAF-A6D4B3F3854F}.Debug|Any CPU.Build.0 = Debug|Any CPU
		{7A249B51-E1A9-42FB-BDAF-A6D4B3F3854F}.Release|Any CPU.ActiveCfg = Release|Any CPU
		{7A249B51-E1A9-42FB-BDAF-A6D4B3F3854F}.Release|Any CPU.Build.0 = Release|Any CPU
	EndGlobalSection
	GlobalSection(SolutionProperties) = preSolution
		HideSolutionNode = FALSE
	EndGlobalSection
	GlobalSection(ExtensibilityGlobals) = postSolution
		SolutionGuid = {759215AA-CF53-4B9D-A553-B7A92E319935}
	EndGlobalSection
EndGlobal
