
Microsoft Visual Studio Solution File, Format Version 12.00
# Visual Studio 15
VisualStudioVersion = 15.0.28307.168
MinimumVisualStudioVersion = 10.0.40219.1
Project("{FAE04EC0-301F-11D3-BF4B-00C04F79EFBC}") = "NBAStars", "NBAStars\NBAStars.csproj", "{B20E88ED-4E55-4697-A196-9808E42568C7}"
EndProject
Global
	GlobalSection(SolutionConfigurationPlatforms) = preSolution
		Debug|Any CPU = Debug|Any CPU
		Release|Any CPU = Release|Any CPU
	EndGlobalSection
	GlobalSection(ProjectConfigurationPlatforms) = postSolution
		{B20E88ED-4E55-4697-A196-9808E42568C7}.Debug|Any CPU.ActiveCfg = Debug|Any CPU
		{B20E88ED-4E55-4697-A196-9808E42568C7}.Debug|Any CPU.Build.0 = Debug|Any CPU
		{B20E88ED-4E55-4697-A196-9808E42568C7}.Release|Any CPU.ActiveCfg = Release|Any CPU
		{B20E88ED-4E55-4697-A196-9808E42568C7}.Release|Any CPU.Build.0 = Release|Any CPU
	EndGlobalSection
	GlobalSection(SolutionProperties) = preSolution
		HideSolutionNode = FALSE
	EndGlobalSection
	GlobalSection(ExtensibilityGlobals) = postSolution
		SolutionGuid = {37C29089-F2F9-446C-86C9-AEA48B74928F}
	EndGlobalSection
EndGlobal
