
Microsoft Visual Studio Solution File, Format Version 12.00
# Visual Studio 15
VisualStudioVersion = 15.0.28307.168
MinimumVisualStudioVersion = 10.0.40219.1
Project("{9A19103F-16F7-4668-BE54-9A1E7A4F7556}") = "EvenLines", "EvenLine\EvenLines.csproj", "{34EA58F8-CBFC-4DAC-AFA2-14348CD3812C}"
EndProject
Project("{9A19103F-16F7-4668-BE54-9A1E7A4F7556}") = "LineNumbers", "LineNumbers\LineNumbers.csproj", "{B78B72E4-233C-4894-BAE7-F47912352F2D}"
EndProject
Project("{9A19103F-16F7-4668-BE54-9A1E7A4F7556}") = "WordsCount", "WordsCount\WordsCount.csproj", "{97CD4DA8-52A6-4B9D-8B4B-E7B4E7C6BD4E}"
EndProject
Project("{FAE04EC0-301F-11D3-BF4B-00C04F79EFBC}") = "CopyBinaryFile", "CopyBinaryFile\CopyBinaryFile.csproj", "{F7968ACA-1E0A-4E9E-9116-5BDD4B25D293}"
EndProject
Project("{FAE04EC0-301F-11D3-BF4B-00C04F79EFBC}") = "DirectoryTraversal", "DirectoryTraversal\DirectoryTraversal.csproj", "{BB844949-2E72-44D0-AA2F-6BA158E84526}"
EndProject
Global
	GlobalSection(SolutionConfigurationPlatforms) = preSolution
		Debug|Any CPU = Debug|Any CPU
		Release|Any CPU = Release|Any CPU
	EndGlobalSection
	GlobalSection(ProjectConfigurationPlatforms) = postSolution
		{34EA58F8-CBFC-4DAC-AFA2-14348CD3812C}.Debug|Any CPU.ActiveCfg = Debug|Any CPU
		{34EA58F8-CBFC-4DAC-AFA2-14348CD3812C}.Debug|Any CPU.Build.0 = Debug|Any CPU
		{34EA58F8-CBFC-4DAC-AFA2-14348CD3812C}.Release|Any CPU.ActiveCfg = Release|Any CPU
		{34EA58F8-CBFC-4DAC-AFA2-14348CD3812C}.Release|Any CPU.Build.0 = Release|Any CPU
		{B78B72E4-233C-4894-BAE7-F47912352F2D}.Debug|Any CPU.ActiveCfg = Debug|Any CPU
		{B78B72E4-233C-4894-BAE7-F47912352F2D}.Debug|Any CPU.Build.0 = Debug|Any CPU
		{B78B72E4-233C-4894-BAE7-F47912352F2D}.Release|Any CPU.ActiveCfg = Release|Any CPU
		{B78B72E4-233C-4894-BAE7-F47912352F2D}.Release|Any CPU.Build.0 = Release|Any CPU
		{97CD4DA8-52A6-4B9D-8B4B-E7B4E7C6BD4E}.Debug|Any CPU.ActiveCfg = Debug|Any CPU
		{97CD4DA8-52A6-4B9D-8B4B-E7B4E7C6BD4E}.Debug|Any CPU.Build.0 = Debug|Any CPU
		{97CD4DA8-52A6-4B9D-8B4B-E7B4E7C6BD4E}.Release|Any CPU.ActiveCfg = Release|Any CPU
		{97CD4DA8-52A6-4B9D-8B4B-E7B4E7C6BD4E}.Release|Any CPU.Build.0 = Release|Any CPU
		{F7968ACA-1E0A-4E9E-9116-5BDD4B25D293}.Debug|Any CPU.ActiveCfg = Debug|Any CPU
		{F7968ACA-1E0A-4E9E-9116-5BDD4B25D293}.Debug|Any CPU.Build.0 = Debug|Any CPU
		{F7968ACA-1E0A-4E9E-9116-5BDD4B25D293}.Release|Any CPU.ActiveCfg = Release|Any CPU
		{F7968ACA-1E0A-4E9E-9116-5BDD4B25D293}.Release|Any CPU.Build.0 = Release|Any CPU
		{BB844949-2E72-44D0-AA2F-6BA158E84526}.Debug|Any CPU.ActiveCfg = Debug|Any CPU
		{BB844949-2E72-44D0-AA2F-6BA158E84526}.Debug|Any CPU.Build.0 = Debug|Any CPU
		{BB844949-2E72-44D0-AA2F-6BA158E84526}.Release|Any CPU.ActiveCfg = Release|Any CPU
		{BB844949-2E72-44D0-AA2F-6BA158E84526}.Release|Any CPU.Build.0 = Release|Any CPU
	EndGlobalSection
	GlobalSection(SolutionProperties) = preSolution
		HideSolutionNode = FALSE
	EndGlobalSection
	GlobalSection(ExtensibilityGlobals) = postSolution
		SolutionGuid = {A498F2FB-AA53-4169-AE87-060B729D232A}
	EndGlobalSection
EndGlobal
