
Microsoft Visual Studio Solution File, Format Version 12.00
# Visual Studio 15
VisualStudioVersion = 15.0.28307.168
MinimumVisualStudioVersion = 10.0.40219.1
Project("{FAE04EC0-301F-11D3-BF4B-00C04F79EFBC}") = "DefineClassPerson", "DefineClassPerson\DefineClassPerson.csproj", "{5E138D55-0EF0-45E7-A3AA-3700FDF56979}"
EndProject
Global
	GlobalSection(SolutionConfigurationPlatforms) = preSolution
		Debug|Any CPU = Debug|Any CPU
		Release|Any CPU = Release|Any CPU
	EndGlobalSection
	GlobalSection(ProjectConfigurationPlatforms) = postSolution
		{5E138D55-0EF0-45E7-A3AA-3700FDF56979}.Debug|Any CPU.ActiveCfg = Debug|Any CPU
		{5E138D55-0EF0-45E7-A3AA-3700FDF56979}.Debug|Any CPU.Build.0 = Debug|Any CPU
		{5E138D55-0EF0-45E7-A3AA-3700FDF56979}.Release|Any CPU.ActiveCfg = Release|Any CPU
		{5E138D55-0EF0-45E7-A3AA-3700FDF56979}.Release|Any CPU.Build.0 = Release|Any CPU
	EndGlobalSection
	GlobalSection(SolutionProperties) = preSolution
		HideSolutionNode = FALSE
	EndGlobalSection
	GlobalSection(ExtensibilityGlobals) = postSolution
		SolutionGuid = {1FF6B31D-D222-44F7-9FE3-CDDE630EF429}
	EndGlobalSection
EndGlobal
